// !$*UTF8*$!
{
	archiveVersion = 1;
	classes = {
	};
	objectVersion = 46;
	objects = {

/* Begin PBXBuildFile section */
		456EA6521E16893B00792134 /* AppDelegate.swift in Sources */ = {isa = PBXBuildFile; fileRef = 456EA6511E16893B00792134 /* AppDelegate.swift */; };
		456EA6541E16893B00792134 /* ViewController.swift in Sources */ = {isa = PBXBuildFile; fileRef = 456EA6531E16893B00792134 /* ViewController.swift */; };
		456EA6571E16893B00792134 /* Main.storyboard in Resources */ = {isa = PBXBuildFile; fileRef = 456EA6551E16893B00792134 /* Main.storyboard */; };
		456EA6591E16893B00792134 /* Assets.xcassets in Resources */ = {isa = PBXBuildFile; fileRef = 456EA6581E16893B00792134 /* Assets.xcassets */; };
		456EA65C1E16893B00792134 /* LaunchScreen.storyboard in Resources */ = {isa = PBXBuildFile; fileRef = 456EA65A1E16893B00792134 /* LaunchScreen.storyboard */; };
/* End PBXBuildFile section */

/* Begin PBXFileReference section */
		456EA64E1E16893B00792134 /* dogs.app */ = {isa = PBXFileReference; explicitFileType = wrapper.application; includeInIndex = 0; path = dogs.app; sourceTree = BUILT_PRODUCTS_DIR; };
		456EA6511E16893B00792134 /* AppDelegate.swift */ = {isa = PBXFileReference; lastKnownFileType = sourcecode.swift; path = AppDelegate.swift; sourceTree = "<group>"; };
		456EA6531E16893B00792134 /* ViewController.swift */ = {isa = PBXFileReference; lastKnownFileType = sourcecode.swift; path = ViewController.swift; sourceTree = "<group>"; };
		456EA6561E16893B00792134 /* Base */ = {isa = PBXFileReference; lastKnownFileType = file.storyboard; name = Base; path = Base.lproj/Main.storyboard; sourceTree = "<group>"; };
		456EA6581E16893B00792134 /* Assets.xcassets */ = {isa = PBXFileReference; lastKnownFileType = folder.assetcatalog; path = Assets.xcassets; sourceTree = "<group>"; };
		456EA65B1E16893B00792134 /* Base */ = {isa = PBXFileReference; lastKnownFileType = file.storyboard; name = Base; path = Base.lproj/LaunchScreen.storyboard; sourceTree = "<group>"; };
		456EA65D1E16893B00792134 /* Info.plist */ = {isa = PBXFileReference; lastKnownFileType = text.plist.xml; path = Info.plist; sourceTree = "<group>"; };
/* End PBXFileReference section */

/* Begin PBXFrameworksBuildPhase section */
		456EA64B1E16893B00792134 /* Frameworks */ = {
			isa = PBXFrameworksBuildPhase;
			buildActionMask = 2147483647;
			files = (
			);
			runOnlyForDeploymentPostprocessing = 0;
		};
/* End PBXFrameworksBuildPhase section */

/* Begin PBXGroup section */
		456EA6451E16893B00792134 = {
			isa = PBXGroup;
			children = (
				456EA6501E16893B00792134 /* dogs */,
				456EA64F1E16893B00792134 /* Products */,
			);
			sourceTree = "<group>";
		};
		456EA64F1E16893B00792134 /* Products */ = {
			isa = PBXGroup;
			children = (
				456EA64E1E16893B00792134 /* dogs.app */,
			);
			name = Products;
			sourceTree = "<group>";
		};
		456EA6501E16893B00792134 /* dogs */ = {
			isa = PBXGroup;
			children = (
				456EA6511E16893B00792134 /* AppDelegate.swift */,
				456EA6531E16893B00792134 /* ViewController.swift */,
				456EA6551E16893B00792134 /* Main.storyboard */,
				456EA6581E16893B00792134 /* Assets.xcassets */,
				456EA65A1E16893B00792134 /* LaunchScreen.storyboard */,
				456EA65D1E16893B00792134 /* Info.plist */,
			);
			path = dogs;
			sourceTree = "<group>";
		};
/* End PBXGroup section */

/* Begin PBXNativeTarget section */
		456EA64D1E16893B00792134 /* dogs */ = {
			isa = PBXNativeTarget;
			buildConfigurationList = 456EA6601E16893B00792134 /* Build configuration list for PBXNativeTarget "dogs" */;
			buildPhases = (
				456EA64A1E16893B00792134 /* Sources */,
				456EA64B1E16893B00792134 /* Frameworks */,
				456EA64C1E16893B00792134 /* Resources */,
			);
			buildRules = (
			);
			dependencies = (
			);
			name = dogs;
			productName = dogs;
			productReference = 456EA64E1E16893B00792134 /* dogs.app */;
			productType = "com.apple.product-type.application";
		};
/* End PBXNativeTarget section */

/* Begin PBXProject section */
		456EA6461E16893B00792134 /* Project object */ = {
			isa = PBXProject;
			attributes = {
				LastSwiftUpdateCheck = 0810;
				LastUpgradeCheck = 0810;
				ORGANIZATIONNAME = "Jonathan Yong";
				TargetAttributes = {
					456EA64D1E16893B00792134 = {
						CreatedOnToolsVersion = 8.1;
						ProvisioningStyle = Automatic;
					};
				};
			};
			buildConfigurationList = 456EA6491E16893B00792134 /* Build configuration list for PBXProject "dogs" */;
			compatibilityVersion = "Xcode 3.2";
			developmentRegion = English;
			hasScannedForEncodings = 0;
			knownRegions = (
				en,
				Base,
			);
			mainGroup = 456EA6451E16893B00792134;
			productRefGroup = 456EA64F1E16893B00792134 /* Products */;
			projectDirPath = "";
			projectRoot = "";
			targets = (
				456EA64D1E16893B00792134 /* dogs */,
			);
		};
/* End PBXProject section */

/* Begin PBXResourcesBuildPhase section */
		456EA64C1E16893B00792134 /* Resources */ = {
			isa = PBXResourcesBuildPhase;
			buildActionMask = 2147483647;
			files = (
				456EA65C1E16893B00792134 /* LaunchScreen.storyboard in Resources */,
				456EA6591E16893B00792134 /* Assets.xcassets in Resources */,
				456EA6571E16893B00792134 /* Main.storyboard in Resources */,
			);
			runOnlyForDeploymentPostprocessing = 0;
		};
/* End PBXResourcesBuildPhase section */

/* Begin PBXSourcesBuildPhase section */
		456EA64A1E16893B00792134 /* Sources */ = {
			isa = PBXSourcesBuildPhase;
			buildActionMask = 2147483647;
			files = (
				456EA6541E16893B00792134 /* ViewController.swift in Sources */,
				456EA6521E16893B00792134 /* AppDelegate.swift in Sources */,
			);
			runOnlyForDeploymentPostprocessing = 0;
		};
/* End PBXSourcesBuildPhase section */

/* Begin PBXVariantGroup section */
		456EA6551E16893B00792134 /* Main.storyboard */ = {
			isa = PBXVariantGroup;
			children = (
				456EA6561E16893B00792134 /* Base */,
			);
			name = Main.storyboard;
			sourceTree = "<group>";
		};
		456EA65A1E16893B00792134 /* LaunchScreen.storyboard */ = {
			isa = PBXVariantGroup;
			children = (
				456EA65B1E16893B00792134 /* Base */,
			);
			name = LaunchScreen.storyboard;
			sourceTree = "<group>";
		};
/* End PBXVariantGroup section */

/* Begin XCBuildConfiguration section */
		456EA65E1E16893B00792134 /* Debug */ = {
			isa = XCBuildConfiguration;
			buildSettings = {
				ALWAYS_SEARCH_USER_PATHS = NO;
				CLANG_ANALYZER_NONNULL = YES;
				CLANG_CXX_LANGUAGE_STANDARD = "gnu++0x";
				CLANG_CXX_LIBRARY = "libc++";
				CLANG_ENABLE_MODULES = YES;
				CLANG_ENABLE_OBJC_ARC = YES;
				CLANG_WARN_BOOL_CONVERSION = YES;
				CLANG_WARN_CONSTANT_CONVERSION = YES;
				CLANG_WARN_DIRECT_OBJC_ISA_USAGE = YES_ERROR;
				CLANG_WARN_DOCUMENTATION_COMMENTS = YES;
				CLANG_WARN_EMPTY_BODY = YES;
				CLANG_WARN_ENUM_CONVERSION = YES;
				CLANG_WARN_INFINITE_RECURSION = YES;
				CLANG_WARN_INT_CONVERSION = YES;
				CLANG_WARN_OBJC_ROOT_CLASS = YES_ERROR;
				CLANG_WARN_SUSPICIOUS_MOVES = YES;
				CLANG_WARN_UNREACHABLE_CODE = YES;
				CLANG_WARN__DUPLICATE_METHOD_MATCH = YES;
				"CODE_SIGN_IDENTITY[sdk=iphoneos*]" = "iPhone Developer";
				COPY_PHASE_STRIP = NO;
				DEBUG_INFORMATION_FORMAT = dwarf;
				ENABLE_STRICT_OBJC_MSGSEND = YES;
				ENABLE_TESTABILITY = YES;
				GCC_C_LANGUAGE_STANDARD = gnu99;
				GCC_DYNAMIC_NO_PIC = NO;
				GCC_NO_COMMON_BLOCKS = YES;
				GCC_OPTIMIZATION_LEVEL = 0;
				GCC_PREPROCESSOR_DEFINITIONS = (
					"DEBUG=1",
					"$(inherited)",
				);
				GCC_WARN_64_TO_32_BIT_CONVERSION = YES;
				GCC_WARN_ABOUT_RETURN_TYPE = YES_ERROR;
				GCC_WARN_UNDECLARED_SELECTOR = YES;
				GCC_WARN_UNINITIALIZED_AUTOS = YES_AGGRESSIVE;
				GCC_WARN_UNUSED_FUNCTION = YES;
				GCC_WARN_UNUSED_VARIABLE = YES;
				IPHONEOS_DEPLOYMENT_TARGET = 10.1;
				MTL_ENABLE_DEBUG_INFO = YES;
				ONLY_ACTIVE_ARCH = YES;
				SDKROOT = iphoneos;
				SWIFT_ACTIVE_COMPILATION_CONDITIONS = DEBUG;
				SWIFT_OPTIMIZATION_LEVEL = "-Onone";
			};
			name = Debug;
		};
		456EA65F1E16893B00792134 /* Release */ = {
			isa = XCBuildConfiguration;
			buildSettings = {
				ALWAYS_SEARCH_USER_PATHS = NO;
				CLANG_ANALYZER_NONNULL = YES;
				CLANG_CXX_LANGUAGE_STANDARD = "gnu++0x";
				CLANG_CXX_LIBRARY = "libc++";
				CLANG_ENABLE_MODULES = YES;
				CLANG_ENABLE_OBJC_ARC = YES;
				CLANG_WARN_BOOL_CONVERSION = YES;
				CLANG_WARN_CONSTANT_CONVERSION = YES;
				CLANG_WARN_DIRECT_OBJC_ISA_USAGE = YES_ERROR;
				CLANG_WARN_DOCUMENTATION_COMMENTS = YES;
				CLANG_WARN_EMPTY_BODY = YES;
				CLANG_WARN_ENUM_CONVERSION = YES;
				CLANG_WARN_INFINITE_RECURSION = YES;
				CLANG_WARN_INT_CONVERSION = YES;
				CLANG_WARN_OBJC_ROOT_CLASS = YES_ERROR;
				CLANG_WARN_SUSPICIOUS_MOVES = YES;
				CLANG_WARN_UNREACHABLE_CODE = YES;
				CLANG_WARN__DUPLICATE_METHOD_MATCH = YES;
				"CODE_SIGN_IDENTITY[sdk=iphoneos*]" = "iPhone Developer";
				COPY_PHASE_STRIP = NO;
				DEBUG_INFORMATION_FORMAT = "dwarf-with-dsym";
				ENABLE_NS_ASSERTIONS = NO;
				ENABLE_STRICT_OBJC_MSGSEND = YES;
				GCC_C_LANGUAGE_STANDARD = gnu99;
				GCC_NO_COMMON_BLOCKS = YES;
				GCC_WARN_64_TO_32_BIT_CONVERSION = YES;
				GCC_WARN_ABOUT_RETURN_TYPE = YES_ERROR;
				GCC_WARN_UNDECLARED_SELECTOR = YES;
				GCC_WARN_UNINITIALIZED_AUTOS = YES_AGGRESSIVE;
				GCC_WARN_UNUSED_FUNCTION = YES;
				GCC_WARN_UNUSED_VARIABLE = YES;
				IPHONEOS_DEPLOYMENT_TARGET = 10.1;
				MTL_ENABLE_DEBUG_INFO = NO;
				SDKROOT = iphoneos;
				SWIFT_OPTIMIZATION_LEVEL = "-Owholemodule";
				VALIDATE_PRODUCT = YES;
			};
			name = Release;
		};
		456EA6611E16893B00792134 /* Debug */ = {
			isa = XCBuildConfiguration;
			buildSettings = {
				ASSETCATALOG_COMPILER_APPICON_NAME = AppIcon;
				INFOPLIST_FILE = dogs/Info.plist;
				LD_RUNPATH_SEARCH_PATHS = "$(inherited) @executable_path/Frameworks";
				PRODUCT_BUNDLE_IDENTIFIER = Jonathan.dogs;
				PRODUCT_NAME = "$(TARGET_NAME)";
				SWIFT_VERSION = 3.0;
			};
			name = Debug;
		};
		456EA6621E16893B00792134 /* Release */ = {
			isa = XCBuildConfiguration;
			buildSettings = {
				ASSETCATALOG_COMPILER_APPICON_NAME = AppIcon;
				INFOPLIST_FILE = dogs/Info.plist;
				LD_RUNPATH_SEARCH_PATHS = "$(inherited) @executable_path/Frameworks";
				PRODUCT_BUNDLE_IDENTIFIER = Jonathan.dogs;
				PRODUCT_NAME = "$(TARGET_NAME)";
				SWIFT_VERSION = 3.0;
			};
			name = Release;
		};
/* End XCBuildConfiguration section */

/* Begin XCConfigurationList section */
		456EA6491E16893B00792134 /* Build configuration list for PBXProject "dogs" */ = {
			isa = XCConfigurationList;
			buildConfigurations = (
				456EA65E1E16893B00792134 /* Debug */,
				456EA65F1E16893B00792134 /* Release */,
			);
			defaultConfigurationIsVisible = 0;
			defaultConfigurationName = Release;
		};
		456EA6601E16893B00792134 /* Build configuration list for PBXNativeTarget "dogs" */ = {
			isa = XCConfigurationList;
			buildConfigurations = (
				456EA6611E16893B00792134 /* Debug */,
				456EA6621E16893B00792134 /* Release */,
			);
			defaultConfigurationIsVisible = 0;
		};
/* End XCConfigurationList section */
	};
	rootObject = 456EA6461E16893B00792134 /* Project object */;
}
